
Microsoft Visual Studio Solution File, Format Version 12.00
# Visual Studio Version 17
VisualStudioVersion = 17.2.32516.85
MinimumVisualStudioVersion = 10.0.40219.1
Project("{FAE04EC0-301F-11D3-BF4B-00C04F79EFBC}") = "DAD", "DAD\DAD.csproj", "{D4F3DAB8-F879-4FB3-9944-8F8A921B8AB9}"
EndProject
Global
	GlobalSection(SolutionConfigurationPlatforms) = preSolution
		Debug|Any CPU = Debug|Any CPU
		Release|Any CPU = Release|Any CPU
	EndGlobalSection
	GlobalSection(ProjectConfigurationPlatforms) = postSolution
		{D4F3DAB8-F879-4FB3-9944-8F8A921B8AB9}.Debug|Any CPU.ActiveCfg = Debug|Any CPU
		{D4F3DAB8-F879-4FB3-9944-8F8A921B8AB9}.Debug|Any CPU.Build.0 = Debug|Any CPU
		{D4F3DAB8-F879-4FB3-9944-8F8A921B8AB9}.Release|Any CPU.ActiveCfg = Release|Any CPU
		{D4F3DAB8-F879-4FB3-9944-8F8A921B8AB9}.Release|Any CPU.Build.0 = Release|Any CPU
	EndGlobalSection
	GlobalSection(SolutionProperties) = preSolution
		HideSolutionNode = FALSE
	EndGlobalSection
	GlobalSection(ExtensibilityGlobals) = postSolution
		SolutionGuid = {6EB16E14-CD25-42C5-A8B8-B1DBA8A3E0EF}
	EndGlobalSection
EndGlobal
